
Microsoft Visual Studio Solution File, Format Version 12.00
# Visual Studio 15
VisualStudioVersion = 15.0.28307.136
MinimumVisualStudioVersion = 10.0.40219.1
Project("{FAE04EC0-301F-11D3-BF4B-00C04F79EFBC}") = "GDM.HW1.VariablesTypesTask1", "GDM.HW1.VariablesTypesTask1\GDM.HW1.VariablesTypesTask1.csproj", "{A757442C-0877-4ADE-9D93-49A658909A98}"
EndProject
Project("{2150E333-8FDC-42A3-9474-1A3956D46DE8}") = "HW3", "HW3", "{3E7E3EC2-30B2-4915-AC87-AE0DE6E3BA5C}"
EndProject
Project("{FAE04EC0-301F-11D3-BF4B-00C04F79EFBC}") = "GDM.HW3.ConditionalsMethods", "GDM.HW3.ConditionalsMethods\GDM.HW3.ConditionalsMethods.csproj", "{955BED7B-DC04-4CC2-9277-3477053E274A}"
EndProject
Project("{FAE04EC0-301F-11D3-BF4B-00C04F79EFBC}") = "GDM.HW3.RoadMap", "GDM.HW3.RoadMap\GDM.HW3.RoadMap.csproj", "{3708260E-5FFA-48B2-B4AF-481A48C62571}"
EndProject
Project("{2150E333-8FDC-42A3-9474-1A3956D46DE8}") = "HW1", "HW1", "{80E8BB95-97DF-42EB-9FF7-39DF38E87571}"
EndProject
Project("{2150E333-8FDC-42A3-9474-1A3956D46DE8}") = "HW4", "HW4", "{355A87F4-EC4D-443D-9379-06EFA0341BE4}"
EndProject
Project("{FAE04EC0-301F-11D3-BF4B-00C04F79EFBC}") = "GDM.HW4.OOP.Classes.Task1", "GDM.HW4.OOP.Classes.Task1\GDM.HW4.OOP.Classes.Task1.csproj", "{EF99B8A9-AF8C-47A8-AE0E-91B33F9FE135}"
EndProject
Project("{FAE04EC0-301F-11D3-BF4B-00C04F79EFBC}") = "GDM.HW4.OOP.Classes.Task2", "GDM.HW4.OOP.Classes.Task2\GDM.HW4.OOP.Classes.Task2.csproj", "{3816AFB7-6B17-4884-B5AA-7546F03F91CF}"
EndProject
Project("{FAE04EC0-301F-11D3-BF4B-00C04F79EFBC}") = "GDM.HW4.OOP.Classes.Task3", "GDM.HW4.OOP.Classes.Task3\GDM.HW4.OOP.Classes.Task3.csproj", "{818C78B2-70DD-4003-B2EB-9B543BB758ED}"
EndProject
Global
	GlobalSection(SolutionConfigurationPlatforms) = preSolution
		Debug|Any CPU = Debug|Any CPU
		Release|Any CPU = Release|Any CPU
	EndGlobalSection
	GlobalSection(ProjectConfigurationPlatforms) = postSolution
		{A757442C-0877-4ADE-9D93-49A658909A98}.Debug|Any CPU.ActiveCfg = Debug|Any CPU
		{A757442C-0877-4ADE-9D93-49A658909A98}.Debug|Any CPU.Build.0 = Debug|Any CPU
		{A757442C-0877-4ADE-9D93-49A658909A98}.Release|Any CPU.ActiveCfg = Release|Any CPU
		{A757442C-0877-4ADE-9D93-49A658909A98}.Release|Any CPU.Build.0 = Release|Any CPU
		{955BED7B-DC04-4CC2-9277-3477053E274A}.Debug|Any CPU.ActiveCfg = Debug|Any CPU
		{955BED7B-DC04-4CC2-9277-3477053E274A}.Debug|Any CPU.Build.0 = Debug|Any CPU
		{955BED7B-DC04-4CC2-9277-3477053E274A}.Release|Any CPU.ActiveCfg = Release|Any CPU
		{955BED7B-DC04-4CC2-9277-3477053E274A}.Release|Any CPU.Build.0 = Release|Any CPU
		{3708260E-5FFA-48B2-B4AF-481A48C62571}.Debug|Any CPU.ActiveCfg = Debug|Any CPU
		{3708260E-5FFA-48B2-B4AF-481A48C62571}.Debug|Any CPU.Build.0 = Debug|Any CPU
		{3708260E-5FFA-48B2-B4AF-481A48C62571}.Release|Any CPU.ActiveCfg = Release|Any CPU
		{3708260E-5FFA-48B2-B4AF-481A48C62571}.Release|Any CPU.Build.0 = Release|Any CPU
		{EF99B8A9-AF8C-47A8-AE0E-91B33F9FE135}.Debug|Any CPU.ActiveCfg = Debug|Any CPU
		{EF99B8A9-AF8C-47A8-AE0E-91B33F9FE135}.Debug|Any CPU.Build.0 = Debug|Any CPU
		{EF99B8A9-AF8C-47A8-AE0E-91B33F9FE135}.Release|Any CPU.ActiveCfg = Release|Any CPU
		{EF99B8A9-AF8C-47A8-AE0E-91B33F9FE135}.Release|Any CPU.Build.0 = Release|Any CPU
		{3816AFB7-6B17-4884-B5AA-7546F03F91CF}.Debug|Any CPU.ActiveCfg = Debug|Any CPU
		{3816AFB7-6B17-4884-B5AA-7546F03F91CF}.Debug|Any CPU.Build.0 = Debug|Any CPU
		{3816AFB7-6B17-4884-B5AA-7546F03F91CF}.Release|Any CPU.ActiveCfg = Release|Any CPU
		{3816AFB7-6B17-4884-B5AA-7546F03F91CF}.Release|Any CPU.Build.0 = Release|Any CPU
		{818C78B2-70DD-4003-B2EB-9B543BB758ED}.Debug|Any CPU.ActiveCfg = Debug|Any CPU
		{818C78B2-70DD-4003-B2EB-9B543BB758ED}.Debug|Any CPU.Build.0 = Debug|Any CPU
		{818C78B2-70DD-4003-B2EB-9B543BB758ED}.Release|Any CPU.ActiveCfg = Release|Any CPU
		{818C78B2-70DD-4003-B2EB-9B543BB758ED}.Release|Any CPU.Build.0 = Release|Any CPU
	EndGlobalSection
	GlobalSection(SolutionProperties) = preSolution
		HideSolutionNode = FALSE
	EndGlobalSection
	GlobalSection(NestedProjects) = preSolution
		{A757442C-0877-4ADE-9D93-49A658909A98} = {80E8BB95-97DF-42EB-9FF7-39DF38E87571}
		{955BED7B-DC04-4CC2-9277-3477053E274A} = {3E7E3EC2-30B2-4915-AC87-AE0DE6E3BA5C}
		{3708260E-5FFA-48B2-B4AF-481A48C62571} = {3E7E3EC2-30B2-4915-AC87-AE0DE6E3BA5C}
		{EF99B8A9-AF8C-47A8-AE0E-91B33F9FE135} = {355A87F4-EC4D-443D-9379-06EFA0341BE4}
		{3816AFB7-6B17-4884-B5AA-7546F03F91CF} = {355A87F4-EC4D-443D-9379-06EFA0341BE4}
		{818C78B2-70DD-4003-B2EB-9B543BB758ED} = {355A87F4-EC4D-443D-9379-06EFA0341BE4}
	EndGlobalSection
	GlobalSection(ExtensibilityGlobals) = postSolution
		SolutionGuid = {8E001848-9ED7-47C1-87A7-9108FB5EEF43}
	EndGlobalSection
EndGlobal
