
Microsoft Visual Studio Solution File, Format Version 12.00
# Visual Studio 15
VisualStudioVersion = 15.0.28307.136
MinimumVisualStudioVersion = 10.0.40219.1
Project("{FAE04EC0-301F-11D3-BF4B-00C04F79EFBC}") = "GDM.HW1.VariablesTypesTask1", "GDM.HW1.VariablesTypesTask1\GDM.HW1.VariablesTypesTask1.csproj", "{A757442C-0877-4ADE-9D93-49A658909A98}"
EndProject
Global
	GlobalSection(SolutionConfigurationPlatforms) = preSolution
		Debug|Any CPU = Debug|Any CPU
		Release|Any CPU = Release|Any CPU
	EndGlobalSection
	GlobalSection(ProjectConfigurationPlatforms) = postSolution
		{A757442C-0877-4ADE-9D93-49A658909A98}.Debug|Any CPU.ActiveCfg = Debug|Any CPU
		{A757442C-0877-4ADE-9D93-49A658909A98}.Debug|Any CPU.Build.0 = Debug|Any CPU
		{A757442C-0877-4ADE-9D93-49A658909A98}.Release|Any CPU.ActiveCfg = Release|Any CPU
		{A757442C-0877-4ADE-9D93-49A658909A98}.Release|Any CPU.Build.0 = Release|Any CPU
	EndGlobalSection
	GlobalSection(SolutionProperties) = preSolution
		HideSolutionNode = FALSE
	EndGlobalSection
	GlobalSection(ExtensibilityGlobals) = postSolution
		SolutionGuid = {8E001848-9ED7-47C1-87A7-9108FB5EEF43}
	EndGlobalSection
EndGlobal
